<?xml version="1.0" encoding="utf-8"?>
<Project ToolsVersion="4.0" xmlns="http://schemas.microsoft.com/developer/msbuild/2003">
  <ItemGroup>
    <Filter Include="Sources">
      <UniqueIdentifier>{3409f805-67ce-4e71-bdc5-f23f5a5c0bdd}</UniqueIdentifier>
    </Filter>
    <Filter Include="Includes">
      <UniqueIdentifier>{d8341b63-b48f-4dc6-a2d9-3e5f7a20195c}</UniqueIdentifier>
    </Filter>
  </ItemGroup>
  <ItemGroup>
    <ClCompile Include="Sources\WinMain.cpp">
      <Filter>Sources</Filter>
    </ClCompile>
    <ClCompile Include="Sources\Game.cpp">
      <Filter>Sources</Filter>
    </ClCompile>
    <ClCompile Include="Sources\SDLCommon.cpp">
      <Filter>Sources</Filter>
    </ClCompile>
  </ItemGroup>
  <ItemGroup>
    <ClInclude Include="Includes\Game.h">
      <Filter>Includes</Filter>
    </ClInclude>
    <ClInclude Include="Includes\SDLCommon.h">
      <Filter>Includes</Filter>
    </ClInclude>
  </ItemGroup>
</Project>